<?xml version="1.0" encoding="utf-8"?>
<Project ToolsVersion="4.0" xmlns="http://schemas.microsoft.com/developer/msbuild/2003">
  <ItemGroup>
    <Filter Include="Source Files">
      <UniqueIdentifier>{4FC737F1-C7A5-4376-A066-2A32D752A2FF}</UniqueIdentifier>
      <Extensions>cpp;c;cc;cxx;c++;cppm;ixx;def;odl;idl;hpj;bat;asm;asmx</Extensions>
    </Filter>
    <Filter Include="Header Files">
      <UniqueIdentifier>{93995380-89BD-4b04-88EB-625FBE52EBFB}</UniqueIdentifier>
      <Extensions>h;hh;hpp;hxx;h++;hm;inl;inc;ipp;xsd</Extensions>
    </Filter>
    <Filter Include="Resource Files">
      <UniqueIdentifier>{67DA6AB6-F800-4c08-8B7A-83BB121AAD01}</UniqueIdentifier>
      <Extensions>rc;ico;cur;bmp;dlg;rc2;rct;bin;rgs;gif;jpg;jpeg;jpe;resx;tiff;tif;png;wav;mfcribbon-ms</Extensions>
    </Filter>
    <Filter Include="Header Files\Native">
      <UniqueIdentifier>{638fd9ca-b13e-4c83-a5d9-ddb7ec760033}</UniqueIdentifier>
    </Filter>
    <Filter Include="Source Files\Managed">
      <UniqueIdentifier>{75b264d3-f21b-454a-8d26-b0107fed83f0}</UniqueIdentifier>
    </Filter>
    <Filter Include="Source Files\Native">
      <UniqueIdentifier>{c59025e3-bbb6-403d-9f58-6b298f630a47}</UniqueIdentifier>
    </Filter>
    <Filter Include="Header Files\Managed">
      <UniqueIdentifier>{7c75f7ef-5ea2-41b6-8abc-a7de075c4796}</UniqueIdentifier>
    </Filter>
  </ItemGroup>
  <ItemGroup>
    <ClInclude Include="Resource.h">
      <Filter>Header Files</Filter>
    </ClInclude>
    <ClInclude Include="pch.h">
      <Filter>Header Files</Filter>
    </ClInclude>
    <ClInclude Include="NativeAdsDevice.h">
      <Filter>Header Files\Native</Filter>
    </ClInclude>
    <ClInclude Include="AdsDeviceWrapper.h">
      <Filter>Header Files\Managed</Filter>
    </ClInclude>
  </ItemGroup>
  <ItemGroup>
    <ClCompile Include="AssemblyInfo.cpp">
      <Filter>Source Files</Filter>
    </ClCompile>
    <ClCompile Include="pch.cpp">
      <Filter>Source Files</Filter>
    </ClCompile>
    <ClCompile Include="NativeAdsDevice.cpp">
      <Filter>Source Files\Native</Filter>
    </ClCompile>
    <ClCompile Include="AdsDeviceWrapper.cpp">
      <Filter>Source Files\Managed</Filter>
    </ClCompile>
  </ItemGroup>
  <ItemGroup>
    <ResourceCompile Include="app.rc">
      <Filter>Resource Files</Filter>
    </ResourceCompile>
  </ItemGroup>
  <ItemGroup>
    <Image Include="app.ico">
      <Filter>Resource Files</Filter>
    </Image>
  </ItemGroup>
</Project>